
Microsoft Visual Studio Solution File, Format Version 12.00
# Visual Studio Version 16
VisualStudioVersion = 16.0.31702.126
MinimumVisualStudioVersion = 10.0.40219.1
Project("{FAE04EC0-301F-11D3-BF4B-00C04F79EFBC}") = "Adapter", "Adapter\Adapter.csproj", "{2030587A-8F5A-4B6A-9183-FA6B7BB1CBDC}"
EndProject
Project("{FAE04EC0-301F-11D3-BF4B-00C04F79EFBC}") = "Composite", "Composite\Composite.csproj", "{65D0AFAF-22A4-4966-850A-B358BDD85693}"
EndProject
Global
	GlobalSection(SolutionConfigurationPlatforms) = preSolution
		Debug|Any CPU = Debug|Any CPU
		Release|Any CPU = Release|Any CPU
	EndGlobalSection
	GlobalSection(ProjectConfigurationPlatforms) = postSolution
		{2030587A-8F5A-4B6A-9183-FA6B7BB1CBDC}.Debug|Any CPU.ActiveCfg = Debug|Any CPU
		{2030587A-8F5A-4B6A-9183-FA6B7BB1CBDC}.Debug|Any CPU.Build.0 = Debug|Any CPU
		{2030587A-8F5A-4B6A-9183-FA6B7BB1CBDC}.Release|Any CPU.ActiveCfg = Release|Any CPU
		{2030587A-8F5A-4B6A-9183-FA6B7BB1CBDC}.Release|Any CPU.Build.0 = Release|Any CPU
		{65D0AFAF-22A4-4966-850A-B358BDD85693}.Debug|Any CPU.ActiveCfg = Debug|Any CPU
		{65D0AFAF-22A4-4966-850A-B358BDD85693}.Debug|Any CPU.Build.0 = Debug|Any CPU
		{65D0AFAF-22A4-4966-850A-B358BDD85693}.Release|Any CPU.ActiveCfg = Release|Any CPU
		{65D0AFAF-22A4-4966-850A-B358BDD85693}.Release|Any CPU.Build.0 = Release|Any CPU
	EndGlobalSection
	GlobalSection(SolutionProperties) = preSolution
		HideSolutionNode = FALSE
	EndGlobalSection
	GlobalSection(ExtensibilityGlobals) = postSolution
		SolutionGuid = {E87176A2-D393-445C-B7AE-7290F12E051B}
	EndGlobalSection
EndGlobal
